// !$*UTF8*$!
{
	archiveVersion = 1;
	classes = {
	};
	objectVersion = 50;
	objects = {

/* Begin PBXBuildFile section */
		D1D9CA5B2243E27000B8A0FC /* AppDelegate.swift in Sources */ = {isa = PBXBuildFile; fileRef = D1D9CA5A2243E27000B8A0FC /* AppDelegate.swift */; };
		D1D9CA622243E27200B8A0FC /* Assets.xcassets in Resources */ = {isa = PBXBuildFile; fileRef = D1D9CA612243E27200B8A0FC /* Assets.xcassets */; };
		D1D9CA652243E27200B8A0FC /* LaunchScreen.storyboard in Resources */ = {isa = PBXBuildFile; fileRef = D1D9CA632243E27200B8A0FC /* LaunchScreen.storyboard */; };
		D1D9CA6D2243E32C00B8A0FC /* InputVC.swift in Sources */ = {isa = PBXBuildFile; fileRef = D1D9CA6C2243E32C00B8A0FC /* InputVC.swift */; };
		D1D9CA6F2243E4CC00B8A0FC /* UIVIew_Extension.swift in Sources */ = {isa = PBXBuildFile; fileRef = D1D9CA6E2243E4CC00B8A0FC /* UIVIew_Extension.swift */; };
		D1D9CA712243E4F500B8A0FC /* Observable.swift in Sources */ = {isa = PBXBuildFile; fileRef = D1D9CA702243E4F500B8A0FC /* Observable.swift */; };
		D1D9CA752243E72100B8A0FC /* MainVC.swift in Sources */ = {isa = PBXBuildFile; fileRef = D1D9CA742243E72100B8A0FC /* MainVC.swift */; };
		D1D9CA792243F22C00B8A0FC /* ColumnView.swift in Sources */ = {isa = PBXBuildFile; fileRef = D1D9CA782243F22C00B8A0FC /* ColumnView.swift */; };
		D1D9CA7B2247E2F900B8A0FC /* UIColor_Extension.swift in Sources */ = {isa = PBXBuildFile; fileRef = D1D9CA7A2247E2F900B8A0FC /* UIColor_Extension.swift */; };
		D1D9CA7F2247EC2500B8A0FC /* InputColumnAndRowView.swift in Sources */ = {isa = PBXBuildFile; fileRef = D1D9CA7E2247EC2500B8A0FC /* InputColumnAndRowView.swift */; };
		D1D9CA812247EC5200B8A0FC /* Cube.swift in Sources */ = {isa = PBXBuildFile; fileRef = D1D9CA802247EC5200B8A0FC /* Cube.swift */; };
		D1D9CA832247EDCB00B8A0FC /* InputViewModel.swift in Sources */ = {isa = PBXBuildFile; fileRef = D1D9CA822247EDCB00B8A0FC /* InputViewModel.swift */; };
		D1D9CA872248067B00B8A0FC /* MainViewModel.swift in Sources */ = {isa = PBXBuildFile; fileRef = D1D9CA862248067B00B8A0FC /* MainViewModel.swift */; };
		D1D9CA892248096500B8A0FC /* MainView.swift in Sources */ = {isa = PBXBuildFile; fileRef = D1D9CA882248096500B8A0FC /* MainView.swift */; };
		D1D9CAAA224942FC00B8A0FC /* UIViewController_Extension.swift in Sources */ = {isa = PBXBuildFile; fileRef = D1D9CAA9224942FC00B8A0FC /* UIViewController_Extension.swift */; };
/* End PBXBuildFile section */

/* Begin PBXFileReference section */
		D1D9CA572243E27000B8A0FC /* TREVI.app */ = {isa = PBXFileReference; explicitFileType = wrapper.application; includeInIndex = 0; path = TREVI.app; sourceTree = BUILT_PRODUCTS_DIR; };
		D1D9CA5A2243E27000B8A0FC /* AppDelegate.swift */ = {isa = PBXFileReference; lastKnownFileType = sourcecode.swift; path = AppDelegate.swift; sourceTree = "<group>"; };
		D1D9CA612243E27200B8A0FC /* Assets.xcassets */ = {isa = PBXFileReference; lastKnownFileType = folder.assetcatalog; path = Assets.xcassets; sourceTree = "<group>"; };
		D1D9CA642243E27200B8A0FC /* Base */ = {isa = PBXFileReference; lastKnownFileType = file.storyboard; name = Base; path = Base.lproj/LaunchScreen.storyboard; sourceTree = "<group>"; };
		D1D9CA662243E27200B8A0FC /* Info.plist */ = {isa = PBXFileReference; lastKnownFileType = text.plist.xml; path = Info.plist; sourceTree = "<group>"; };
		D1D9CA6C2243E32C00B8A0FC /* InputVC.swift */ = {isa = PBXFileReference; lastKnownFileType = sourcecode.swift; path = InputVC.swift; sourceTree = "<group>"; };
		D1D9CA6E2243E4CC00B8A0FC /* UIVIew_Extension.swift */ = {isa = PBXFileReference; fileEncoding = 4; lastKnownFileType = sourcecode.swift; path = UIVIew_Extension.swift; sourceTree = "<group>"; };
		D1D9CA702243E4F500B8A0FC /* Observable.swift */ = {isa = PBXFileReference; fileEncoding = 4; lastKnownFileType = sourcecode.swift; path = Observable.swift; sourceTree = "<group>"; };
		D1D9CA742243E72100B8A0FC /* MainVC.swift */ = {isa = PBXFileReference; lastKnownFileType = sourcecode.swift; path = MainVC.swift; sourceTree = "<group>"; };
		D1D9CA782243F22C00B8A0FC /* ColumnView.swift */ = {isa = PBXFileReference; lastKnownFileType = sourcecode.swift; path = ColumnView.swift; sourceTree = "<group>"; };
		D1D9CA7A2247E2F900B8A0FC /* UIColor_Extension.swift */ = {isa = PBXFileReference; lastKnownFileType = sourcecode.swift; path = UIColor_Extension.swift; sourceTree = "<group>"; };
		D1D9CA7E2247EC2500B8A0FC /* InputColumnAndRowView.swift */ = {isa = PBXFileReference; lastKnownFileType = sourcecode.swift; path = InputColumnAndRowView.swift; sourceTree = "<group>"; };
		D1D9CA802247EC5200B8A0FC /* Cube.swift */ = {isa = PBXFileReference; lastKnownFileType = sourcecode.swift; path = Cube.swift; sourceTree = "<group>"; };
		D1D9CA822247EDCB00B8A0FC /* InputViewModel.swift */ = {isa = PBXFileReference; lastKnownFileType = sourcecode.swift; path = InputViewModel.swift; sourceTree = "<group>"; };
		D1D9CA862248067B00B8A0FC /* MainViewModel.swift */ = {isa = PBXFileReference; lastKnownFileType = sourcecode.swift; path = MainViewModel.swift; sourceTree = "<group>"; };
		D1D9CA882248096500B8A0FC /* MainView.swift */ = {isa = PBXFileReference; fileEncoding = 4; lastKnownFileType = sourcecode.swift; path = MainView.swift; sourceTree = "<group>"; };
		D1D9CAA9224942FC00B8A0FC /* UIViewController_Extension.swift */ = {isa = PBXFileReference; lastKnownFileType = sourcecode.swift; path = UIViewController_Extension.swift; sourceTree = "<group>"; };
/* End PBXFileReference section */

/* Begin PBXFrameworksBuildPhase section */
		D1D9CA542243E27000B8A0FC /* Frameworks */ = {
			isa = PBXFrameworksBuildPhase;
			buildActionMask = 2147483647;
			files = (
			);
			runOnlyForDeploymentPostprocessing = 0;
		};
/* End PBXFrameworksBuildPhase section */

/* Begin PBXGroup section */
		D1D9CA4E2243E27000B8A0FC = {
			isa = PBXGroup;
			children = (
				D1D9CA592243E27000B8A0FC /* TREVI */,
				D1D9CA582243E27000B8A0FC /* Products */,
			);
			sourceTree = "<group>";
		};
		D1D9CA582243E27000B8A0FC /* Products */ = {
			isa = PBXGroup;
			children = (
				D1D9CA572243E27000B8A0FC /* TREVI.app */,
			);
			name = Products;
			sourceTree = "<group>";
		};
		D1D9CA592243E27000B8A0FC /* TREVI */ = {
			isa = PBXGroup;
			children = (
				D1D9CAB32249464F00B8A0FC /* SupportingFile */,
				D1D9CAA82249419A00B8A0FC /* Model */,
				D1D9CA7C2247EC0100B8A0FC /* InputPage */,
				D1D9CA7D2247EC0F00B8A0FC /* PresentPage */,
				D1D9CAAB2249460100B8A0FC /* Utilities */,
				D1D9CAAC2249460900B8A0FC /* ObserverPattern */,
				D1D9CA612243E27200B8A0FC /* Assets.xcassets */,
				D1D9CA632243E27200B8A0FC /* LaunchScreen.storyboard */,
			);
			path = TREVI;
			sourceTree = "<group>";
		};
		D1D9CA7C2247EC0100B8A0FC /* InputPage */ = {
			isa = PBXGroup;
			children = (
				D1D9CAB02249462900B8A0FC /* ViewController */,
				D1D9CAB12249463300B8A0FC /* ViewModel */,
				D1D9CAB22249463A00B8A0FC /* View */,
			);
			path = InputPage;
			sourceTree = "<group>";
		};
		D1D9CA7D2247EC0F00B8A0FC /* PresentPage */ = {
			isa = PBXGroup;
			children = (
				D1D9CAAD2249461300B8A0FC /* ViewController */,
				D1D9CAAE2249461B00B8A0FC /* View */,
				D1D9CAAF2249462300B8A0FC /* ViewModel */,
			);
			path = PresentPage;
			sourceTree = "<group>";
		};
		D1D9CAA82249419A00B8A0FC /* Model */ = {
			isa = PBXGroup;
			children = (
				D1D9CA802247EC5200B8A0FC /* Cube.swift */,
			);
			path = Model;
			sourceTree = "<group>";
		};
		D1D9CAAB2249460100B8A0FC /* Utilities */ = {
			isa = PBXGroup;
			children = (
				D1D9CA6E2243E4CC00B8A0FC /* UIVIew_Extension.swift */,
				D1D9CAA9224942FC00B8A0FC /* UIViewController_Extension.swift */,
				D1D9CA7A2247E2F900B8A0FC /* UIColor_Extension.swift */,
			);
			path = Utilities;
			sourceTree = "<group>";
		};
		D1D9CAAC2249460900B8A0FC /* ObserverPattern */ = {
			isa = PBXGroup;
			children = (
				D1D9CA702243E4F500B8A0FC /* Observable.swift */,
			);
			path = ObserverPattern;
			sourceTree = "<group>";
		};
		D1D9CAAD2249461300B8A0FC /* ViewController */ = {
			isa = PBXGroup;
			children = (
				D1D9CA742243E72100B8A0FC /* MainVC.swift */,
			);
			path = ViewController;
			sourceTree = "<group>";
		};
		D1D9CAAE2249461B00B8A0FC /* View */ = {
			isa = PBXGroup;
			children = (
				D1D9CA782243F22C00B8A0FC /* ColumnView.swift */,
				D1D9CA882248096500B8A0FC /* MainView.swift */,
			);
			path = View;
			sourceTree = "<group>";
		};
		D1D9CAAF2249462300B8A0FC /* ViewModel */ = {
			isa = PBXGroup;
			children = (
				D1D9CA862248067B00B8A0FC /* MainViewModel.swift */,
			);
			path = ViewModel;
			sourceTree = "<group>";
		};
		D1D9CAB02249462900B8A0FC /* ViewController */ = {
			isa = PBXGroup;
			children = (
				D1D9CA6C2243E32C00B8A0FC /* InputVC.swift */,
			);
			path = ViewController;
			sourceTree = "<group>";
		};
		D1D9CAB12249463300B8A0FC /* ViewModel */ = {
			isa = PBXGroup;
			children = (
				D1D9CA822247EDCB00B8A0FC /* InputViewModel.swift */,
			);
			path = ViewModel;
			sourceTree = "<group>";
		};
		D1D9CAB22249463A00B8A0FC /* View */ = {
			isa = PBXGroup;
			children = (
				D1D9CA7E2247EC2500B8A0FC /* InputColumnAndRowView.swift */,
			);
			path = View;
			sourceTree = "<group>";
		};
		D1D9CAB32249464F00B8A0FC /* SupportingFile */ = {
			isa = PBXGroup;
			children = (
				D1D9CA662243E27200B8A0FC /* Info.plist */,
				D1D9CA5A2243E27000B8A0FC /* AppDelegate.swift */,
			);
			path = SupportingFile;
			sourceTree = "<group>";
		};
/* End PBXGroup section */

/* Begin PBXNativeTarget section */
		D1D9CA562243E27000B8A0FC /* TREVI */ = {
			isa = PBXNativeTarget;
			buildConfigurationList = D1D9CA692243E27200B8A0FC /* Build configuration list for PBXNativeTarget "TREVI" */;
			buildPhases = (
				D1D9CA532243E27000B8A0FC /* Sources */,
				D1D9CA542243E27000B8A0FC /* Frameworks */,
				D1D9CA552243E27000B8A0FC /* Resources */,
			);
			buildRules = (
			);
			dependencies = (
			);
			name = TREVI;
			productName = TREVI;
			productReference = D1D9CA572243E27000B8A0FC /* TREVI.app */;
			productType = "com.apple.product-type.application";
		};
/* End PBXNativeTarget section */

/* Begin PBXProject section */
		D1D9CA4F2243E27000B8A0FC /* Project object */ = {
			isa = PBXProject;
			attributes = {
				LastSwiftUpdateCheck = 1010;
				LastUpgradeCheck = 1010;
				ORGANIZATIONNAME = "Chung Han Hsin";
				TargetAttributes = {
					D1D9CA562243E27000B8A0FC = {
						CreatedOnToolsVersion = 10.1;
					};
				};
			};
			buildConfigurationList = D1D9CA522243E27000B8A0FC /* Build configuration list for PBXProject "TREVI" */;
			compatibilityVersion = "Xcode 9.3";
			developmentRegion = en;
			hasScannedForEncodings = 0;
			knownRegions = (
				en,
				Base,
			);
			mainGroup = D1D9CA4E2243E27000B8A0FC;
			productRefGroup = D1D9CA582243E27000B8A0FC /* Products */;
			projectDirPath = "";
			projectRoot = "";
			targets = (
				D1D9CA562243E27000B8A0FC /* TREVI */,
			);
		};
/* End PBXProject section */

/* Begin PBXResourcesBuildPhase section */
		D1D9CA552243E27000B8A0FC /* Resources */ = {
			isa = PBXResourcesBuildPhase;
			buildActionMask = 2147483647;
			files = (
				D1D9CA652243E27200B8A0FC /* LaunchScreen.storyboard in Resources */,
				D1D9CA622243E27200B8A0FC /* Assets.xcassets in Resources */,
			);
			runOnlyForDeploymentPostprocessing = 0;
		};
/* End PBXResourcesBuildPhase section */

/* Begin PBXSourcesBuildPhase section */
		D1D9CA532243E27000B8A0FC /* Sources */ = {
			isa = PBXSourcesBuildPhase;
			buildActionMask = 2147483647;
			files = (
				D1D9CA712243E4F500B8A0FC /* Observable.swift in Sources */,
				D1D9CA892248096500B8A0FC /* MainView.swift in Sources */,
				D1D9CA752243E72100B8A0FC /* MainVC.swift in Sources */,
				D1D9CAAA224942FC00B8A0FC /* UIViewController_Extension.swift in Sources */,
				D1D9CA7B2247E2F900B8A0FC /* UIColor_Extension.swift in Sources */,
				D1D9CA792243F22C00B8A0FC /* ColumnView.swift in Sources */,
				D1D9CA5B2243E27000B8A0FC /* AppDelegate.swift in Sources */,
				D1D9CA872248067B00B8A0FC /* MainViewModel.swift in Sources */,
				D1D9CA812247EC5200B8A0FC /* Cube.swift in Sources */,
				D1D9CA7F2247EC2500B8A0FC /* InputColumnAndRowView.swift in Sources */,
				D1D9CA6F2243E4CC00B8A0FC /* UIVIew_Extension.swift in Sources */,
				D1D9CA6D2243E32C00B8A0FC /* InputVC.swift in Sources */,
				D1D9CA832247EDCB00B8A0FC /* InputViewModel.swift in Sources */,
			);
			runOnlyForDeploymentPostprocessing = 0;
		};
/* End PBXSourcesBuildPhase section */

/* Begin PBXVariantGroup section */
		D1D9CA632243E27200B8A0FC /* LaunchScreen.storyboard */ = {
			isa = PBXVariantGroup;
			children = (
				D1D9CA642243E27200B8A0FC /* Base */,
			);
			name = LaunchScreen.storyboard;
			sourceTree = "<group>";
		};
/* End PBXVariantGroup section */

/* Begin XCBuildConfiguration section */
		D1D9CA672243E27200B8A0FC /* Debug */ = {
			isa = XCBuildConfiguration;
			buildSettings = {
				ALWAYS_SEARCH_USER_PATHS = NO;
				CLANG_ANALYZER_NONNULL = YES;
				CLANG_ANALYZER_NUMBER_OBJECT_CONVERSION = YES_AGGRESSIVE;
				CLANG_CXX_LANGUAGE_STANDARD = "gnu++14";
				CLANG_CXX_LIBRARY = "libc++";
				CLANG_ENABLE_MODULES = YES;
				CLANG_ENABLE_OBJC_ARC = YES;
				CLANG_ENABLE_OBJC_WEAK = YES;
				CLANG_WARN_BLOCK_CAPTURE_AUTORELEASING = YES;
				CLANG_WARN_BOOL_CONVERSION = YES;
				CLANG_WARN_COMMA = YES;
				CLANG_WARN_CONSTANT_CONVERSION = YES;
				CLANG_WARN_DEPRECATED_OBJC_IMPLEMENTATIONS = YES;
				CLANG_WARN_DIRECT_OBJC_ISA_USAGE = YES_ERROR;
				CLANG_WARN_DOCUMENTATION_COMMENTS = YES;
				CLANG_WARN_EMPTY_BODY = YES;
				CLANG_WARN_ENUM_CONVERSION = YES;
				CLANG_WARN_INFINITE_RECURSION = YES;
				CLANG_WARN_INT_CONVERSION = YES;
				CLANG_WARN_NON_LITERAL_NULL_CONVERSION = YES;
				CLANG_WARN_OBJC_IMPLICIT_RETAIN_SELF = YES;
				CLANG_WARN_OBJC_LITERAL_CONVERSION = YES;
				CLANG_WARN_OBJC_ROOT_CLASS = YES_ERROR;
				CLANG_WARN_RANGE_LOOP_ANALYSIS = YES;
				CLANG_WARN_STRICT_PROTOTYPES = YES;
				CLANG_WARN_SUSPICIOUS_MOVE = YES;
				CLANG_WARN_UNGUARDED_AVAILABILITY = YES_AGGRESSIVE;
				CLANG_WARN_UNREACHABLE_CODE = YES;
				CLANG_WARN__DUPLICATE_METHOD_MATCH = YES;
				CODE_SIGN_IDENTITY = "iPhone Developer";
				COPY_PHASE_STRIP = NO;
				DEBUG_INFORMATION_FORMAT = dwarf;
				ENABLE_STRICT_OBJC_MSGSEND = YES;
				ENABLE_TESTABILITY = YES;
				GCC_C_LANGUAGE_STANDARD = gnu11;
				GCC_DYNAMIC_NO_PIC = NO;
				GCC_NO_COMMON_BLOCKS = YES;
				GCC_OPTIMIZATION_LEVEL = 0;
				GCC_PREPROCESSOR_DEFINITIONS = (
					"DEBUG=1",
					"$(inherited)",
				);
				GCC_WARN_64_TO_32_BIT_CONVERSION = YES;
				GCC_WARN_ABOUT_RETURN_TYPE = YES_ERROR;
				GCC_WARN_UNDECLARED_SELECTOR = YES;
				GCC_WARN_UNINITIALIZED_AUTOS = YES_AGGRESSIVE;
				GCC_WARN_UNUSED_FUNCTION = YES;
				GCC_WARN_UNUSED_VARIABLE = YES;
				IPHONEOS_DEPLOYMENT_TARGET = 12.1;
				MTL_ENABLE_DEBUG_INFO = INCLUDE_SOURCE;
				MTL_FAST_MATH = YES;
				ONLY_ACTIVE_ARCH = YES;
				SDKROOT = iphoneos;
				SWIFT_ACTIVE_COMPILATION_CONDITIONS = DEBUG;
				SWIFT_OPTIMIZATION_LEVEL = "-Onone";
			};
			name = Debug;
		};
		D1D9CA682243E27200B8A0FC /* Release */ = {
			isa = XCBuildConfiguration;
			buildSettings = {
				ALWAYS_SEARCH_USER_PATHS = NO;
				CLANG_ANALYZER_NONNULL = YES;
				CLANG_ANALYZER_NUMBER_OBJECT_CONVERSION = YES_AGGRESSIVE;
				CLANG_CXX_LANGUAGE_STANDARD = "gnu++14";
				CLANG_CXX_LIBRARY = "libc++";
				CLANG_ENABLE_MODULES = YES;
				CLANG_ENABLE_OBJC_ARC = YES;
				CLANG_ENABLE_OBJC_WEAK = YES;
				CLANG_WARN_BLOCK_CAPTURE_AUTORELEASING = YES;
				CLANG_WARN_BOOL_CONVERSION = YES;
				CLANG_WARN_COMMA = YES;
				CLANG_WARN_CONSTANT_CONVERSION = YES;
				CLANG_WARN_DEPRECATED_OBJC_IMPLEMENTATIONS = YES;
				CLANG_WARN_DIRECT_OBJC_ISA_USAGE = YES_ERROR;
				CLANG_WARN_DOCUMENTATION_COMMENTS = YES;
				CLANG_WARN_EMPTY_BODY = YES;
				CLANG_WARN_ENUM_CONVERSION = YES;
				CLANG_WARN_INFINITE_RECURSION = YES;
				CLANG_WARN_INT_CONVERSION = YES;
				CLANG_WARN_NON_LITERAL_NULL_CONVERSION = YES;
				CLANG_WARN_OBJC_IMPLICIT_RETAIN_SELF = YES;
				CLANG_WARN_OBJC_LITERAL_CONVERSION = YES;
				CLANG_WARN_OBJC_ROOT_CLASS = YES_ERROR;
				CLANG_WARN_RANGE_LOOP_ANALYSIS = YES;
				CLANG_WARN_STRICT_PROTOTYPES = YES;
				CLANG_WARN_SUSPICIOUS_MOVE = YES;
				CLANG_WARN_UNGUARDED_AVAILABILITY = YES_AGGRESSIVE;
				CLANG_WARN_UNREACHABLE_CODE = YES;
				CLANG_WARN__DUPLICATE_METHOD_MATCH = YES;
				CODE_SIGN_IDENTITY = "iPhone Developer";
				COPY_PHASE_STRIP = NO;
				DEBUG_INFORMATION_FORMAT = "dwarf-with-dsym";
				ENABLE_NS_ASSERTIONS = NO;
				ENABLE_STRICT_OBJC_MSGSEND = YES;
				GCC_C_LANGUAGE_STANDARD = gnu11;
				GCC_NO_COMMON_BLOCKS = YES;
				GCC_WARN_64_TO_32_BIT_CONVERSION = YES;
				GCC_WARN_ABOUT_RETURN_TYPE = YES_ERROR;
				GCC_WARN_UNDECLARED_SELECTOR = YES;
				GCC_WARN_UNINITIALIZED_AUTOS = YES_AGGRESSIVE;
				GCC_WARN_UNUSED_FUNCTION = YES;
				GCC_WARN_UNUSED_VARIABLE = YES;
				IPHONEOS_DEPLOYMENT_TARGET = 12.1;
				MTL_ENABLE_DEBUG_INFO = NO;
				MTL_FAST_MATH = YES;
				SDKROOT = iphoneos;
				SWIFT_COMPILATION_MODE = wholemodule;
				SWIFT_OPTIMIZATION_LEVEL = "-O";
				VALIDATE_PRODUCT = YES;
			};
			name = Release;
		};
		D1D9CA6A2243E27200B8A0FC /* Debug */ = {
			isa = XCBuildConfiguration;
			buildSettings = {
				ASSETCATALOG_COMPILER_APPICON_NAME = AppIcon;
				CODE_SIGN_STYLE = Automatic;
				DEVELOPMENT_TEAM = WAGW44Z6JC;
				INFOPLIST_FILE = "$(SRCROOT)/TREVI/SupportingFile/Info.plist";
				LD_RUNPATH_SEARCH_PATHS = (
					"$(inherited)",
					"@executable_path/Frameworks",
				);
				PRODUCT_BUNDLE_IDENTIFIER = com.Hsin.CoolApp.TREVI;
				PRODUCT_NAME = "$(TARGET_NAME)";
				SWIFT_VERSION = 4.2;
				TARGETED_DEVICE_FAMILY = "1,2";
			};
			name = Debug;
		};
		D1D9CA6B2243E27200B8A0FC /* Release */ = {
			isa = XCBuildConfiguration;
			buildSettings = {
				ASSETCATALOG_COMPILER_APPICON_NAME = AppIcon;
				CODE_SIGN_STYLE = Automatic;
				DEVELOPMENT_TEAM = WAGW44Z6JC;
				INFOPLIST_FILE = "$(SRCROOT)/TREVI/SupportingFile/Info.plist";
				LD_RUNPATH_SEARCH_PATHS = (
					"$(inherited)",
					"@executable_path/Frameworks",
				);
				PRODUCT_BUNDLE_IDENTIFIER = com.Hsin.CoolApp.TREVI;
				PRODUCT_NAME = "$(TARGET_NAME)";
				SWIFT_VERSION = 4.2;
				TARGETED_DEVICE_FAMILY = "1,2";
			};
			name = Release;
		};
/* End XCBuildConfiguration section */

/* Begin XCConfigurationList section */
		D1D9CA522243E27000B8A0FC /* Build configuration list for PBXProject "TREVI" */ = {
			isa = XCConfigurationList;
			buildConfigurations = (
				D1D9CA672243E27200B8A0FC /* Debug */,
				D1D9CA682243E27200B8A0FC /* Release */,
			);
			defaultConfigurationIsVisible = 0;
			defaultConfigurationName = Release;
		};
		D1D9CA692243E27200B8A0FC /* Build configuration list for PBXNativeTarget "TREVI" */ = {
			isa = XCConfigurationList;
			buildConfigurations = (
				D1D9CA6A2243E27200B8A0FC /* Debug */,
				D1D9CA6B2243E27200B8A0FC /* Release */,
			);
			defaultConfigurationIsVisible = 0;
			defaultConfigurationName = Release;
		};
/* End XCConfigurationList section */
	};
	rootObject = D1D9CA4F2243E27000B8A0FC /* Project object */;
}
